
Microsoft Visual Studio Solution File, Format Version 12.00
# Visual Studio Version 16
VisualStudioVersion = 16.0.35130.168
MinimumVisualStudioVersion = 10.0.40219.1
Project("{9A19103F-16F7-4668-BE54-9A1E7A4F7556}") = "DuckHuntAPI", "DuckHuntAPI\DuckHuntAPI.csproj", "{343585C0-80E1-4B09-BE05-7E067A723100}"
EndProject
Global
	GlobalSection(SolutionConfigurationPlatforms) = preSolution
		Debug|Any CPU = Debug|Any CPU
		Release|Any CPU = Release|Any CPU
	EndGlobalSection
	GlobalSection(ProjectConfigurationPlatforms) = postSolution
		{343585C0-80E1-4B09-BE05-7E067A723100}.Debug|Any CPU.ActiveCfg = Debug|Any CPU
		{343585C0-80E1-4B09-BE05-7E067A723100}.Debug|Any CPU.Build.0 = Debug|Any CPU
		{343585C0-80E1-4B09-BE05-7E067A723100}.Release|Any CPU.ActiveCfg = Release|Any CPU
		{343585C0-80E1-4B09-BE05-7E067A723100}.Release|Any CPU.Build.0 = Release|Any CPU
	EndGlobalSection
	GlobalSection(SolutionProperties) = preSolution
		HideSolutionNode = FALSE
	EndGlobalSection
	GlobalSection(ExtensibilityGlobals) = postSolution
		SolutionGuid = {570EBC69-A11B-4B46-940A-5975C129D455}
	EndGlobalSection
EndGlobal
